// !$*UTF8*$!
{
	archiveVersion = 1;
	classes = {
	};
	objectVersion = 56;
	objects = {

/* Begin PBXBuildFile section */
		9D5D29082A5C6BD10023B6B3 /* ClickUITestApp.swift in Sources */ = {isa = PBXBuildFile; fileRef = 9D5D29072A5C6BD10023B6B3 /* ClickUITestApp.swift */; };
		9D5D290A2A5C6BD10023B6B3 /* ContentView.swift in Sources */ = {isa = PBXBuildFile; fileRef = 9D5D29092A5C6BD10023B6B3 /* ContentView.swift */; };
		9D5D290C2A5C6BD10023B6B3 /* Assets.xcassets in Resources */ = {isa = PBXBuildFile; fileRef = 9D5D290B2A5C6BD10023B6B3 /* Assets.xcassets */; };
		9D5D290F2A5C6BD10023B6B3 /* Preview Assets.xcassets in Resources */ = {isa = PBXBuildFile; fileRef = 9D5D290E2A5C6BD10023B6B3 /* Preview Assets.xcassets */; };
		9D5D29192A5C6BD20023B6B3 /* ClickUITestTests.swift in Sources */ = {isa = PBXBuildFile; fileRef = 9D5D29182A5C6BD20023B6B3 /* ClickUITestTests.swift */; };
		9D5D29232A5C6BD20023B6B3 /* ClickUITestUITests.swift in Sources */ = {isa = PBXBuildFile; fileRef = 9D5D29222A5C6BD20023B6B3 /* ClickUITestUITests.swift */; };
		9D5D29252A5C6BD20023B6B3 /* ClickUITestUITestsLaunchTests.swift in Sources */ = {isa = PBXBuildFile; fileRef = 9D5D29242A5C6BD20023B6B3 /* ClickUITestUITestsLaunchTests.swift */; };
/* End PBXBuildFile section */

/* Begin PBXContainerItemProxy section */
		9D5D29152A5C6BD20023B6B3 /* PBXContainerItemProxy */ = {
			isa = PBXContainerItemProxy;
			containerPortal = 9D5D28FC2A5C6BD10023B6B3 /* Project object */;
			proxyType = 1;
			remoteGlobalIDString = 9D5D29032A5C6BD10023B6B3;
			remoteInfo = ClickUITest;
		};
		9D5D291F2A5C6BD20023B6B3 /* PBXContainerItemProxy */ = {
			isa = PBXContainerItemProxy;
			containerPortal = 9D5D28FC2A5C6BD10023B6B3 /* Project object */;
			proxyType = 1;
			remoteGlobalIDString = 9D5D29032A5C6BD10023B6B3;
			remoteInfo = ClickUITest;
		};
/* End PBXContainerItemProxy section */

/* Begin PBXFileReference section */
		9D5D29042A5C6BD10023B6B3 /* ClickUITest.app */ = {isa = PBXFileReference; explicitFileType = wrapper.application; includeInIndex = 0; path = ClickUITest.app; sourceTree = BUILT_PRODUCTS_DIR; };
		9D5D29072A5C6BD10023B6B3 /* ClickUITestApp.swift */ = {isa = PBXFileReference; lastKnownFileType = sourcecode.swift; path = ClickUITestApp.swift; sourceTree = "<group>"; };
		9D5D29092A5C6BD10023B6B3 /* ContentView.swift */ = {isa = PBXFileReference; lastKnownFileType = sourcecode.swift; path = ContentView.swift; sourceTree = "<group>"; };
		9D5D290B2A5C6BD10023B6B3 /* Assets.xcassets */ = {isa = PBXFileReference; lastKnownFileType = folder.assetcatalog; path = Assets.xcassets; sourceTree = "<group>"; };
		9D5D290E2A5C6BD10023B6B3 /* Preview Assets.xcassets */ = {isa = PBXFileReference; lastKnownFileType = folder.assetcatalog; path = "Preview Assets.xcassets"; sourceTree = "<group>"; };
		9D5D29142A5C6BD20023B6B3 /* ClickUITestTests.xctest */ = {isa = PBXFileReference; explicitFileType = wrapper.cfbundle; includeInIndex = 0; path = ClickUITestTests.xctest; sourceTree = BUILT_PRODUCTS_DIR; };
		9D5D29182A5C6BD20023B6B3 /* ClickUITestTests.swift */ = {isa = PBXFileReference; lastKnownFileType = sourcecode.swift; path = ClickUITestTests.swift; sourceTree = "<group>"; };
		9D5D291E2A5C6BD20023B6B3 /* ClickUITestUITests.xctest */ = {isa = PBXFileReference; explicitFileType = wrapper.cfbundle; includeInIndex = 0; path = ClickUITestUITests.xctest; sourceTree = BUILT_PRODUCTS_DIR; };
		9D5D29222A5C6BD20023B6B3 /* ClickUITestUITests.swift */ = {isa = PBXFileReference; lastKnownFileType = sourcecode.swift; path = ClickUITestUITests.swift; sourceTree = "<group>"; };
		9D5D29242A5C6BD20023B6B3 /* ClickUITestUITestsLaunchTests.swift */ = {isa = PBXFileReference; lastKnownFileType = sourcecode.swift; path = ClickUITestUITestsLaunchTests.swift; sourceTree = "<group>"; };
/* End PBXFileReference section */

/* Begin PBXFrameworksBuildPhase section */
		9D5D29012A5C6BD10023B6B3 /* Frameworks */ = {
			isa = PBXFrameworksBuildPhase;
			buildActionMask = 2147483647;
			files = (
			);
			runOnlyForDeploymentPostprocessing = 0;
		};
		9D5D29112A5C6BD20023B6B3 /* Frameworks */ = {
			isa = PBXFrameworksBuildPhase;
			buildActionMask = 2147483647;
			files = (
			);
			runOnlyForDeploymentPostprocessing = 0;
		};
		9D5D291B2A5C6BD20023B6B3 /* Frameworks */ = {
			isa = PBXFrameworksBuildPhase;
			buildActionMask = 2147483647;
			files = (
			);
			runOnlyForDeploymentPostprocessing = 0;
		};
/* End PBXFrameworksBuildPhase section */

/* Begin PBXGroup section */
		9D5D28FB2A5C6BD10023B6B3 = {
			isa = PBXGroup;
			children = (
				9D5D29062A5C6BD10023B6B3 /* ClickUITest */,
				9D5D29172A5C6BD20023B6B3 /* ClickUITestTests */,
				9D5D29212A5C6BD20023B6B3 /* ClickUITestUITests */,
				9D5D29052A5C6BD10023B6B3 /* Products */,
			);
			sourceTree = "<group>";
		};
		9D5D29052A5C6BD10023B6B3 /* Products */ = {
			isa = PBXGroup;
			children = (
				9D5D29042A5C6BD10023B6B3 /* ClickUITest.app */,
				9D5D29142A5C6BD20023B6B3 /* ClickUITestTests.xctest */,
				9D5D291E2A5C6BD20023B6B3 /* ClickUITestUITests.xctest */,
			);
			name = Products;
			sourceTree = "<group>";
		};
		9D5D29062A5C6BD10023B6B3 /* ClickUITest */ = {
			isa = PBXGroup;
			children = (
				9D5D29072A5C6BD10023B6B3 /* ClickUITestApp.swift */,
				9D5D29092A5C6BD10023B6B3 /* ContentView.swift */,
				9D5D290B2A5C6BD10023B6B3 /* Assets.xcassets */,
				9D5D290D2A5C6BD10023B6B3 /* Preview Content */,
			);
			path = ClickUITest;
			sourceTree = "<group>";
		};
		9D5D290D2A5C6BD10023B6B3 /* Preview Content */ = {
			isa = PBXGroup;
			children = (
				9D5D290E2A5C6BD10023B6B3 /* Preview Assets.xcassets */,
			);
			path = "Preview Content";
			sourceTree = "<group>";
		};
		9D5D29172A5C6BD20023B6B3 /* ClickUITestTests */ = {
			isa = PBXGroup;
			children = (
				9D5D29182A5C6BD20023B6B3 /* ClickUITestTests.swift */,
			);
			path = ClickUITestTests;
			sourceTree = "<group>";
		};
		9D5D29212A5C6BD20023B6B3 /* ClickUITestUITests */ = {
			isa = PBXGroup;
			children = (
				9D5D29222A5C6BD20023B6B3 /* ClickUITestUITests.swift */,
				9D5D29242A5C6BD20023B6B3 /* ClickUITestUITestsLaunchTests.swift */,
			);
			path = ClickUITestUITests;
			sourceTree = "<group>";
		};
/* End PBXGroup section */

/* Begin PBXNativeTarget section */
		9D5D29032A5C6BD10023B6B3 /* ClickUITest */ = {
			isa = PBXNativeTarget;
			buildConfigurationList = 9D5D29282A5C6BD20023B6B3 /* Build configuration list for PBXNativeTarget "ClickUITest" */;
			buildPhases = (
				9D5D29002A5C6BD10023B6B3 /* Sources */,
				9D5D29012A5C6BD10023B6B3 /* Frameworks */,
				9D5D29022A5C6BD10023B6B3 /* Resources */,
			);
			buildRules = (
			);
			dependencies = (
			);
			name = ClickUITest;
			productName = ClickUITest;
			productReference = 9D5D29042A5C6BD10023B6B3 /* ClickUITest.app */;
			productType = "com.apple.product-type.application";
		};
		9D5D29132A5C6BD20023B6B3 /* ClickUITestTests */ = {
			isa = PBXNativeTarget;
			buildConfigurationList = 9D5D292B2A5C6BD20023B6B3 /* Build configuration list for PBXNativeTarget "ClickUITestTests" */;
			buildPhases = (
				9D5D29102A5C6BD20023B6B3 /* Sources */,
				9D5D29112A5C6BD20023B6B3 /* Frameworks */,
				9D5D29122A5C6BD20023B6B3 /* Resources */,
			);
			buildRules = (
			);
			dependencies = (
				9D5D29162A5C6BD20023B6B3 /* PBXTargetDependency */,
			);
			name = ClickUITestTests;
			productName = ClickUITestTests;
			productReference = 9D5D29142A5C6BD20023B6B3 /* ClickUITestTests.xctest */;
			productType = "com.apple.product-type.bundle.unit-test";
		};
		9D5D291D2A5C6BD20023B6B3 /* ClickUITestUITests */ = {
			isa = PBXNativeTarget;
			buildConfigurationList = 9D5D292E2A5C6BD20023B6B3 /* Build configuration list for PBXNativeTarget "ClickUITestUITests" */;
			buildPhases = (
				9D5D291A2A5C6BD20023B6B3 /* Sources */,
				9D5D291B2A5C6BD20023B6B3 /* Frameworks */,
				9D5D291C2A5C6BD20023B6B3 /* Resources */,
			);
			buildRules = (
			);
			dependencies = (
				9D5D29202A5C6BD20023B6B3 /* PBXTargetDependency */,
			);
			name = ClickUITestUITests;
			productName = ClickUITestUITests;
			productReference = 9D5D291E2A5C6BD20023B6B3 /* ClickUITestUITests.xctest */;
			productType = "com.apple.product-type.bundle.ui-testing";
		};
/* End PBXNativeTarget section */

/* Begin PBXProject section */
		9D5D28FC2A5C6BD10023B6B3 /* Project object */ = {
			isa = PBXProject;
			attributes = {
				BuildIndependentTargetsInParallel = 1;
				LastSwiftUpdateCheck = 1430;
				LastUpgradeCheck = 1430;
				TargetAttributes = {
					9D5D29032A5C6BD10023B6B3 = {
						CreatedOnToolsVersion = 14.3.1;
					};
					9D5D29132A5C6BD20023B6B3 = {
						CreatedOnToolsVersion = 14.3.1;
						TestTargetID = 9D5D29032A5C6BD10023B6B3;
					};
					9D5D291D2A5C6BD20023B6B3 = {
						CreatedOnToolsVersion = 14.3.1;
						TestTargetID = 9D5D29032A5C6BD10023B6B3;
					};
				};
			};
			buildConfigurationList = 9D5D28FF2A5C6BD10023B6B3 /* Build configuration list for PBXProject "ClickUITest" */;
			compatibilityVersion = "Xcode 14.0";
			developmentRegion = en;
			hasScannedForEncodings = 0;
			knownRegions = (
				en,
				Base,
			);
			mainGroup = 9D5D28FB2A5C6BD10023B6B3;
			productRefGroup = 9D5D29052A5C6BD10023B6B3 /* Products */;
			projectDirPath = "";
			projectRoot = "";
			targets = (
				9D5D29032A5C6BD10023B6B3 /* ClickUITest */,
				9D5D29132A5C6BD20023B6B3 /* ClickUITestTests */,
				9D5D291D2A5C6BD20023B6B3 /* ClickUITestUITests */,
			);
		};
/* End PBXProject section */

/* Begin PBXResourcesBuildPhase section */
		9D5D29022A5C6BD10023B6B3 /* Resources */ = {
			isa = PBXResourcesBuildPhase;
			buildActionMask = 2147483647;
			files = (
				9D5D290F2A5C6BD10023B6B3 /* Preview Assets.xcassets in Resources */,
				9D5D290C2A5C6BD10023B6B3 /* Assets.xcassets in Resources */,
			);
			runOnlyForDeploymentPostprocessing = 0;
		};
		9D5D29122A5C6BD20023B6B3 /* Resources */ = {
			isa = PBXResourcesBuildPhase;
			buildActionMask = 2147483647;
			files = (
			);
			runOnlyForDeploymentPostprocessing = 0;
		};
		9D5D291C2A5C6BD20023B6B3 /* Resources */ = {
			isa = PBXResourcesBuildPhase;
			buildActionMask = 2147483647;
			files = (
			);
			runOnlyForDeploymentPostprocessing = 0;
		};
/* End PBXResourcesBuildPhase section */

/* Begin PBXSourcesBuildPhase section */
		9D5D29002A5C6BD10023B6B3 /* Sources */ = {
			isa = PBXSourcesBuildPhase;
			buildActionMask = 2147483647;
			files = (
				9D5D290A2A5C6BD10023B6B3 /* ContentView.swift in Sources */,
				9D5D29082A5C6BD10023B6B3 /* ClickUITestApp.swift in Sources */,
			);
			runOnlyForDeploymentPostprocessing = 0;
		};
		9D5D29102A5C6BD20023B6B3 /* Sources */ = {
			isa = PBXSourcesBuildPhase;
			buildActionMask = 2147483647;
			files = (
				9D5D29192A5C6BD20023B6B3 /* ClickUITestTests.swift in Sources */,
			);
			runOnlyForDeploymentPostprocessing = 0;
		};
		9D5D291A2A5C6BD20023B6B3 /* Sources */ = {
			isa = PBXSourcesBuildPhase;
			buildActionMask = 2147483647;
			files = (
				9D5D29232A5C6BD20023B6B3 /* ClickUITestUITests.swift in Sources */,
				9D5D29252A5C6BD20023B6B3 /* ClickUITestUITestsLaunchTests.swift in Sources */,
			);
			runOnlyForDeploymentPostprocessing = 0;
		};
/* End PBXSourcesBuildPhase section */

/* Begin PBXTargetDependency section */
		9D5D29162A5C6BD20023B6B3 /* PBXTargetDependency */ = {
			isa = PBXTargetDependency;
			target = 9D5D29032A5C6BD10023B6B3 /* ClickUITest */;
			targetProxy = 9D5D29152A5C6BD20023B6B3 /* PBXContainerItemProxy */;
		};
		9D5D29202A5C6BD20023B6B3 /* PBXTargetDependency */ = {
			isa = PBXTargetDependency;
			target = 9D5D29032A5C6BD10023B6B3 /* ClickUITest */;
			targetProxy = 9D5D291F2A5C6BD20023B6B3 /* PBXContainerItemProxy */;
		};
/* End PBXTargetDependency section */

/* Begin XCBuildConfiguration section */
		9D5D29262A5C6BD20023B6B3 /* Debug */ = {
			isa = XCBuildConfiguration;
			buildSettings = {
				ALWAYS_SEARCH_USER_PATHS = NO;
				CLANG_ANALYZER_NONNULL = YES;
				CLANG_ANALYZER_NUMBER_OBJECT_CONVERSION = YES_AGGRESSIVE;
				CLANG_CXX_LANGUAGE_STANDARD = "gnu++20";
				CLANG_ENABLE_MODULES = YES;
				CLANG_ENABLE_OBJC_ARC = YES;
				CLANG_ENABLE_OBJC_WEAK = YES;
				CLANG_WARN_BLOCK_CAPTURE_AUTORELEASING = YES;
				CLANG_WARN_BOOL_CONVERSION = YES;
				CLANG_WARN_COMMA = YES;
				CLANG_WARN_CONSTANT_CONVERSION = YES;
				CLANG_WARN_DEPRECATED_OBJC_IMPLEMENTATIONS = YES;
				CLANG_WARN_DIRECT_OBJC_ISA_USAGE = YES_ERROR;
				CLANG_WARN_DOCUMENTATION_COMMENTS = YES;
				CLANG_WARN_EMPTY_BODY = YES;
				CLANG_WARN_ENUM_CONVERSION = YES;
				CLANG_WARN_INFINITE_RECURSION = YES;
				CLANG_WARN_INT_CONVERSION = YES;
				CLANG_WARN_NON_LITERAL_NULL_CONVERSION = YES;
				CLANG_WARN_OBJC_IMPLICIT_RETAIN_SELF = YES;
				CLANG_WARN_OBJC_LITERAL_CONVERSION = YES;
				CLANG_WARN_OBJC_ROOT_CLASS = YES_ERROR;
				CLANG_WARN_QUOTED_INCLUDE_IN_FRAMEWORK_HEADER = YES;
				CLANG_WARN_RANGE_LOOP_ANALYSIS = YES;
				CLANG_WARN_STRICT_PROTOTYPES = YES;
				CLANG_WARN_SUSPICIOUS_MOVE = YES;
				CLANG_WARN_UNGUARDED_AVAILABILITY = YES_AGGRESSIVE;
				CLANG_WARN_UNREACHABLE_CODE = YES;
				CLANG_WARN__DUPLICATE_METHOD_MATCH = YES;
				COPY_PHASE_STRIP = NO;
				DEBUG_INFORMATION_FORMAT = dwarf;
				ENABLE_STRICT_OBJC_MSGSEND = YES;
				ENABLE_TESTABILITY = YES;
				GCC_C_LANGUAGE_STANDARD = gnu11;
				GCC_DYNAMIC_NO_PIC = NO;
				GCC_NO_COMMON_BLOCKS = YES;
				GCC_OPTIMIZATION_LEVEL = 0;
				GCC_PREPROCESSOR_DEFINITIONS = (
					"DEBUG=1",
					"$(inherited)",
				);
				GCC_WARN_64_TO_32_BIT_CONVERSION = YES;
				GCC_WARN_ABOUT_RETURN_TYPE = YES_ERROR;
				GCC_WARN_UNDECLARED_SELECTOR = YES;
				GCC_WARN_UNINITIALIZED_AUTOS = YES_AGGRESSIVE;
				GCC_WARN_UNUSED_FUNCTION = YES;
				GCC_WARN_UNUSED_VARIABLE = YES;
				IPHONEOS_DEPLOYMENT_TARGET = 16.4;
				MTL_ENABLE_DEBUG_INFO = INCLUDE_SOURCE;
				MTL_FAST_MATH = YES;
				ONLY_ACTIVE_ARCH = YES;
				SDKROOT = iphoneos;
				SWIFT_ACTIVE_COMPILATION_CONDITIONS = DEBUG;
				SWIFT_OPTIMIZATION_LEVEL = "-Onone";
			};
			name = Debug;
		};
		9D5D29272A5C6BD20023B6B3 /* Release */ = {
			isa = XCBuildConfiguration;
			buildSettings = {
				ALWAYS_SEARCH_USER_PATHS = NO;
				CLANG_ANALYZER_NONNULL = YES;
				CLANG_ANALYZER_NUMBER_OBJECT_CONVERSION = YES_AGGRESSIVE;
				CLANG_CXX_LANGUAGE_STANDARD = "gnu++20";
				CLANG_ENABLE_MODULES = YES;
				CLANG_ENABLE_OBJC_ARC = YES;
				CLANG_ENABLE_OBJC_WEAK = YES;
				CLANG_WARN_BLOCK_CAPTURE_AUTORELEASING = YES;
				CLANG_WARN_BOOL_CONVERSION = YES;
				CLANG_WARN_COMMA = YES;
				CLANG_WARN_CONSTANT_CONVERSION = YES;
				CLANG_WARN_DEPRECATED_OBJC_IMPLEMENTATIONS = YES;
				CLANG_WARN_DIRECT_OBJC_ISA_USAGE = YES_ERROR;
				CLANG_WARN_DOCUMENTATION_COMMENTS = YES;
				CLANG_WARN_EMPTY_BODY = YES;
				CLANG_WARN_ENUM_CONVERSION = YES;
				CLANG_WARN_INFINITE_RECURSION = YES;
				CLANG_WARN_INT_CONVERSION = YES;
				CLANG_WARN_NON_LITERAL_NULL_CONVERSION = YES;
				CLANG_WARN_OBJC_IMPLICIT_RETAIN_SELF = YES;
				CLANG_WARN_OBJC_LITERAL_CONVERSION = YES;
				CLANG_WARN_OBJC_ROOT_CLASS = YES_ERROR;
				CLANG_WARN_QUOTED_INCLUDE_IN_FRAMEWORK_HEADER = YES;
				CLANG_WARN_RANGE_LOOP_ANALYSIS = YES;
				CLANG_WARN_STRICT_PROTOTYPES = YES;
				CLANG_WARN_SUSPICIOUS_MOVE = YES;
				CLANG_WARN_UNGUARDED_AVAILABILITY = YES_AGGRESSIVE;
				CLANG_WARN_UNREACHABLE_CODE = YES;
				CLANG_WARN__DUPLICATE_METHOD_MATCH = YES;
				COPY_PHASE_STRIP = NO;
				DEBUG_INFORMATION_FORMAT = "dwarf-with-dsym";
				ENABLE_NS_ASSERTIONS = NO;
				ENABLE_STRICT_OBJC_MSGSEND = YES;
				GCC_C_LANGUAGE_STANDARD = gnu11;
				GCC_NO_COMMON_BLOCKS = YES;
				GCC_WARN_64_TO_32_BIT_CONVERSION = YES;
				GCC_WARN_ABOUT_RETURN_TYPE = YES_ERROR;
				GCC_WARN_UNDECLARED_SELECTOR = YES;
				GCC_WARN_UNINITIALIZED_AUTOS = YES_AGGRESSIVE;
				GCC_WARN_UNUSED_FUNCTION = YES;
				GCC_WARN_UNUSED_VARIABLE = YES;
				IPHONEOS_DEPLOYMENT_TARGET = 16.4;
				MTL_ENABLE_DEBUG_INFO = NO;
				MTL_FAST_MATH = YES;
				SDKROOT = iphoneos;
				SWIFT_COMPILATION_MODE = wholemodule;
				SWIFT_OPTIMIZATION_LEVEL = "-O";
				VALIDATE_PRODUCT = YES;
			};
			name = Release;
		};
		9D5D29292A5C6BD20023B6B3 /* Debug */ = {
			isa = XCBuildConfiguration;
			buildSettings = {
				ASSETCATALOG_COMPILER_APPICON_NAME = AppIcon;
				ASSETCATALOG_COMPILER_GLOBAL_ACCENT_COLOR_NAME = AccentColor;
				CODE_SIGN_STYLE = Automatic;
				CURRENT_PROJECT_VERSION = 1;
				DEVELOPMENT_ASSET_PATHS = "\"ClickUITest/Preview Content\"";
				DEVELOPMENT_TEAM = 5D4562UP4J;
				ENABLE_PREVIEWS = YES;
				GENERATE_INFOPLIST_FILE = YES;
				INFOPLIST_KEY_UIApplicationSceneManifest_Generation = YES;
				INFOPLIST_KEY_UIApplicationSupportsIndirectInputEvents = YES;
				INFOPLIST_KEY_UILaunchScreen_Generation = YES;
				INFOPLIST_KEY_UISupportedInterfaceOrientations_iPad = "UIInterfaceOrientationPortrait UIInterfaceOrientationPortraitUpsideDown UIInterfaceOrientationLandscapeLeft UIInterfaceOrientationLandscapeRight";
				INFOPLIST_KEY_UISupportedInterfaceOrientations_iPhone = "UIInterfaceOrientationPortrait UIInterfaceOrientationLandscapeLeft UIInterfaceOrientationLandscapeRight";
				LD_RUNPATH_SEARCH_PATHS = (
					"$(inherited)",
					"@executable_path/Frameworks",
				);
				MARKETING_VERSION = 1.0;
				PRODUCT_BUNDLE_IDENTIFIER = "apple-develper-academy.ClickUITest";
				PRODUCT_NAME = "$(TARGET_NAME)";
				SWIFT_EMIT_LOC_STRINGS = YES;
				SWIFT_VERSION = 5.0;
				TARGETED_DEVICE_FAMILY = "1,2";
			};
			name = Debug;
		};
		9D5D292A2A5C6BD20023B6B3 /* Release */ = {
			isa = XCBuildConfiguration;
			buildSettings = {
				ASSETCATALOG_COMPILER_APPICON_NAME = AppIcon;
				ASSETCATALOG_COMPILER_GLOBAL_ACCENT_COLOR_NAME = AccentColor;
				CODE_SIGN_STYLE = Automatic;
				CURRENT_PROJECT_VERSION = 1;
				DEVELOPMENT_ASSET_PATHS = "\"ClickUITest/Preview Content\"";
				DEVELOPMENT_TEAM = 5D4562UP4J;
				ENABLE_PREVIEWS = YES;
				GENERATE_INFOPLIST_FILE = YES;
				INFOPLIST_KEY_UIApplicationSceneManifest_Generation = YES;
				INFOPLIST_KEY_UIApplicationSupportsIndirectInputEvents = YES;
				INFOPLIST_KEY_UILaunchScreen_Generation = YES;
				INFOPLIST_KEY_UISupportedInterfaceOrientations_iPad = "UIInterfaceOrientationPortrait UIInterfaceOrientationPortraitUpsideDown UIInterfaceOrientationLandscapeLeft UIInterfaceOrientationLandscapeRight";
				INFOPLIST_KEY_UISupportedInterfaceOrientations_iPhone = "UIInterfaceOrientationPortrait UIInterfaceOrientationLandscapeLeft UIInterfaceOrientationLandscapeRight";
				LD_RUNPATH_SEARCH_PATHS = (
					"$(inherited)",
					"@executable_path/Frameworks",
				);
				MARKETING_VERSION = 1.0;
				PRODUCT_BUNDLE_IDENTIFIER = "apple-develper-academy.ClickUITest";
				PRODUCT_NAME = "$(TARGET_NAME)";
				SWIFT_EMIT_LOC_STRINGS = YES;
				SWIFT_VERSION = 5.0;
				TARGETED_DEVICE_FAMILY = "1,2";
			};
			name = Release;
		};
		9D5D292C2A5C6BD20023B6B3 /* Debug */ = {
			isa = XCBuildConfiguration;
			buildSettings = {
				ALWAYS_EMBED_SWIFT_STANDARD_LIBRARIES = YES;
				BUNDLE_LOADER = "$(TEST_HOST)";
				CODE_SIGN_STYLE = Automatic;
				CURRENT_PROJECT_VERSION = 1;
				DEVELOPMENT_TEAM = 5D4562UP4J;
				GENERATE_INFOPLIST_FILE = YES;
				IPHONEOS_DEPLOYMENT_TARGET = 16.4;
				MARKETING_VERSION = 1.0;
				PRODUCT_BUNDLE_IDENTIFIER = "apple-develper-academy.ClickUITestTests";
				PRODUCT_NAME = "$(TARGET_NAME)";
				SWIFT_EMIT_LOC_STRINGS = NO;
				SWIFT_VERSION = 5.0;
				TARGETED_DEVICE_FAMILY = "1,2";
				TEST_HOST = "$(BUILT_PRODUCTS_DIR)/ClickUITest.app/$(BUNDLE_EXECUTABLE_FOLDER_PATH)/ClickUITest";
			};
			name = Debug;
		};
		9D5D292D2A5C6BD20023B6B3 /* Release */ = {
			isa = XCBuildConfiguration;
			buildSettings = {
				ALWAYS_EMBED_SWIFT_STANDARD_LIBRARIES = YES;
				BUNDLE_LOADER = "$(TEST_HOST)";
				CODE_SIGN_STYLE = Automatic;
				CURRENT_PROJECT_VERSION = 1;
				DEVELOPMENT_TEAM = 5D4562UP4J;
				GENERATE_INFOPLIST_FILE = YES;
				IPHONEOS_DEPLOYMENT_TARGET = 16.4;
				MARKETING_VERSION = 1.0;
				PRODUCT_BUNDLE_IDENTIFIER = "apple-develper-academy.ClickUITestTests";
				PRODUCT_NAME = "$(TARGET_NAME)";
				SWIFT_EMIT_LOC_STRINGS = NO;
				SWIFT_VERSION = 5.0;
				TARGETED_DEVICE_FAMILY = "1,2";
				TEST_HOST = "$(BUILT_PRODUCTS_DIR)/ClickUITest.app/$(BUNDLE_EXECUTABLE_FOLDER_PATH)/ClickUITest";
			};
			name = Release;
		};
		9D5D292F2A5C6BD20023B6B3 /* Debug */ = {
			isa = XCBuildConfiguration;
			buildSettings = {
				ALWAYS_EMBED_SWIFT_STANDARD_LIBRARIES = YES;
				CODE_SIGN_STYLE = Automatic;
				CURRENT_PROJECT_VERSION = 1;
				DEVELOPMENT_TEAM = 5D4562UP4J;
				GENERATE_INFOPLIST_FILE = YES;
				MARKETING_VERSION = 1.0;
				PRODUCT_BUNDLE_IDENTIFIER = "apple-develper-academy.ClickUITestUITests";
				PRODUCT_NAME = "$(TARGET_NAME)";
				SWIFT_EMIT_LOC_STRINGS = NO;
				SWIFT_VERSION = 5.0;
				TARGETED_DEVICE_FAMILY = "1,2";
				TEST_TARGET_NAME = ClickUITest;
			};
			name = Debug;
		};
		9D5D29302A5C6BD20023B6B3 /* Release */ = {
			isa = XCBuildConfiguration;
			buildSettings = {
				ALWAYS_EMBED_SWIFT_STANDARD_LIBRARIES = YES;
				CODE_SIGN_STYLE = Automatic;
				CURRENT_PROJECT_VERSION = 1;
				DEVELOPMENT_TEAM = 5D4562UP4J;
				GENERATE_INFOPLIST_FILE = YES;
				MARKETING_VERSION = 1.0;
				PRODUCT_BUNDLE_IDENTIFIER = "apple-develper-academy.ClickUITestUITests";
				PRODUCT_NAME = "$(TARGET_NAME)";
				SWIFT_EMIT_LOC_STRINGS = NO;
				SWIFT_VERSION = 5.0;
				TARGETED_DEVICE_FAMILY = "1,2";
				TEST_TARGET_NAME = ClickUITest;
			};
			name = Release;
		};
/* End XCBuildConfiguration section */

/* Begin XCConfigurationList section */
		9D5D28FF2A5C6BD10023B6B3 /* Build configuration list for PBXProject "ClickUITest" */ = {
			isa = XCConfigurationList;
			buildConfigurations = (
				9D5D29262A5C6BD20023B6B3 /* Debug */,
				9D5D29272A5C6BD20023B6B3 /* Release */,
			);
			defaultConfigurationIsVisible = 0;
			defaultConfigurationName = Release;
		};
		9D5D29282A5C6BD20023B6B3 /* Build configuration list for PBXNativeTarget "ClickUITest" */ = {
			isa = XCConfigurationList;
			buildConfigurations = (
				9D5D29292A5C6BD20023B6B3 /* Debug */,
				9D5D292A2A5C6BD20023B6B3 /* Release */,
			);
			defaultConfigurationIsVisible = 0;
			defaultConfigurationName = Release;
		};
		9D5D292B2A5C6BD20023B6B3 /* Build configuration list for PBXNativeTarget "ClickUITestTests" */ = {
			isa = XCConfigurationList;
			buildConfigurations = (
				9D5D292C2A5C6BD20023B6B3 /* Debug */,
				9D5D292D2A5C6BD20023B6B3 /* Release */,
			);
			defaultConfigurationIsVisible = 0;
			defaultConfigurationName = Release;
		};
		9D5D292E2A5C6BD20023B6B3 /* Build configuration list for PBXNativeTarget "ClickUITestUITests" */ = {
			isa = XCConfigurationList;
			buildConfigurations = (
				9D5D292F2A5C6BD20023B6B3 /* Debug */,
				9D5D29302A5C6BD20023B6B3 /* Release */,
			);
			defaultConfigurationIsVisible = 0;
			defaultConfigurationName = Release;
		};
/* End XCConfigurationList section */
	};
	rootObject = 9D5D28FC2A5C6BD10023B6B3 /* Project object */;
}
